
Microsoft Visual Studio Solution File, Format Version 12.00
# Visual Studio Version 17
VisualStudioVersion = 17.6.33815.320
MinimumVisualStudioVersion = 10.0.40219.1
Project("{2150E333-8FDC-42A3-9474-1A3956D46DE8}") = "Engine", "Engine", "{B3393640-5B57-4F26-A1D9-103A92F8A0C4}"
EndProject
Project("{2150E333-8FDC-42A3-9474-1A3956D46DE8}") = "Game", "Game", "{B7208632-ADC9-4F91-A829-8E8B15C41B5A}"
EndProject
Project("{8BC9CEB8-8B4A-11D0-8D11-00A0C91BC942}") = "Game", "Source\Game\Game\Game.vcxproj", "{1D79928C-86CF-4541-945C-3B3790A4ED33}"
EndProject
Project("{8BC9CEB8-8B4A-11D0-8D11-00A0C91BC942}") = "Core", "Source\Engine\Core\Core.vcxproj", "{60CBC4B8-E6B2-4F62-83FD-1891AA35498A}"
EndProject
Global
	GlobalSection(SolutionConfigurationPlatforms) = preSolution
		Debug|x64 = Debug|x64
		Debug|x86 = Debug|x86
		Release|x64 = Release|x64
		Release|x86 = Release|x86
	EndGlobalSection
	GlobalSection(ProjectConfigurationPlatforms) = postSolution
		{1D79928C-86CF-4541-945C-3B3790A4ED33}.Debug|x64.ActiveCfg = Debug|x64
		{1D79928C-86CF-4541-945C-3B3790A4ED33}.Debug|x64.Build.0 = Debug|x64
		{1D79928C-86CF-4541-945C-3B3790A4ED33}.Debug|x86.ActiveCfg = Debug|Win32
		{1D79928C-86CF-4541-945C-3B3790A4ED33}.Debug|x86.Build.0 = Debug|Win32
		{1D79928C-86CF-4541-945C-3B3790A4ED33}.Release|x64.ActiveCfg = Release|x64
		{1D79928C-86CF-4541-945C-3B3790A4ED33}.Release|x64.Build.0 = Release|x64
		{1D79928C-86CF-4541-945C-3B3790A4ED33}.Release|x86.ActiveCfg = Release|Win32
		{1D79928C-86CF-4541-945C-3B3790A4ED33}.Release|x86.Build.0 = Release|Win32
		{60CBC4B8-E6B2-4F62-83FD-1891AA35498A}.Debug|x64.ActiveCfg = Debug|x64
		{60CBC4B8-E6B2-4F62-83FD-1891AA35498A}.Debug|x64.Build.0 = Debug|x64
		{60CBC4B8-E6B2-4F62-83FD-1891AA35498A}.Debug|x86.ActiveCfg = Debug|Win32
		{60CBC4B8-E6B2-4F62-83FD-1891AA35498A}.Debug|x86.Build.0 = Debug|Win32
		{60CBC4B8-E6B2-4F62-83FD-1891AA35498A}.Release|x64.ActiveCfg = Release|x64
		{60CBC4B8-E6B2-4F62-83FD-1891AA35498A}.Release|x64.Build.0 = Release|x64
		{60CBC4B8-E6B2-4F62-83FD-1891AA35498A}.Release|x86.ActiveCfg = Release|Win32
		{60CBC4B8-E6B2-4F62-83FD-1891AA35498A}.Release|x86.Build.0 = Release|Win32
	EndGlobalSection
	GlobalSection(SolutionProperties) = preSolution
		HideSolutionNode = FALSE
	EndGlobalSection
	GlobalSection(NestedProjects) = preSolution
		{1D79928C-86CF-4541-945C-3B3790A4ED33} = {B7208632-ADC9-4F91-A829-8E8B15C41B5A}
		{60CBC4B8-E6B2-4F62-83FD-1891AA35498A} = {B3393640-5B57-4F26-A1D9-103A92F8A0C4}
	EndGlobalSection
	GlobalSection(ExtensibilityGlobals) = postSolution
		SolutionGuid = {26D821ED-6F58-4E1B-84A6-24441F72D58F}
	EndGlobalSection
EndGlobal
